// !$*UTF8*$!
{
	archiveVersion = 1;
	classes = {
	};
	objectVersion = 56;
	objects = {

/* Begin PBXBuildFile section */
		4D8FEC5C2BAB2B70007B818A /* TasksCoreDataApp.swift in Sources */ = {isa = PBXBuildFile; fileRef = 4D8FEC5B2BAB2B70007B818A /* TasksCoreDataApp.swift */; };
		4D8FEC5E2BAB2B70007B818A /* ContentView.swift in Sources */ = {isa = PBXBuildFile; fileRef = 4D8FEC5D2BAB2B70007B818A /* ContentView.swift */; };
		4D8FEC602BAB2B71007B818A /* Assets.xcassets in Resources */ = {isa = PBXBuildFile; fileRef = 4D8FEC5F2BAB2B71007B818A /* Assets.xcassets */; };
		4D8FEC632BAB2B71007B818A /* Preview Assets.xcassets in Resources */ = {isa = PBXBuildFile; fileRef = 4D8FEC622BAB2B71007B818A /* Preview Assets.xcassets */; };
		4D8FEC6D2BAB2BB9007B818A /* Repository.swift in Sources */ = {isa = PBXBuildFile; fileRef = 4D8FEC6C2BAB2BB9007B818A /* Repository.swift */; };
		4D8FEC6F2BAB2BCB007B818A /* PersistentStore.swift in Sources */ = {isa = PBXBuildFile; fileRef = 4D8FEC6E2BAB2BCB007B818A /* PersistentStore.swift */; };
		4D8FEC722BAB2BE1007B818A /* TaskModel.xcdatamodeld in Sources */ = {isa = PBXBuildFile; fileRef = 4D8FEC702BAB2BE1007B818A /* TaskModel.xcdatamodeld */; };
		4D8FEC742BAB2BF0007B818A /* TaskListView.swift in Sources */ = {isa = PBXBuildFile; fileRef = 4D8FEC732BAB2BF0007B818A /* TaskListView.swift */; };
		4D8FEC762BAB2C01007B818A /* TaskListViewModel.swift in Sources */ = {isa = PBXBuildFile; fileRef = 4D8FEC752BAB2C01007B818A /* TaskListViewModel.swift */; };
		4D8FEC7D2BAC2CA6007B818A /* PeopleListView.swift in Sources */ = {isa = PBXBuildFile; fileRef = 4D8FEC7C2BAC2CA6007B818A /* PeopleListView.swift */; };
		4D8FEC7F2BAC2E4E007B818A /* SampleData.swift in Sources */ = {isa = PBXBuildFile; fileRef = 4D8FEC7E2BAC2E4E007B818A /* SampleData.swift */; };
		4D8FEC812BAC3334007B818A /* PeopleListViewModel.swift in Sources */ = {isa = PBXBuildFile; fileRef = 4D8FEC802BAC3334007B818A /* PeopleListViewModel.swift */; };
/* End PBXBuildFile section */

/* Begin PBXFileReference section */
		4D8FEC582BAB2B70007B818A /* TasksCoreData.app */ = {isa = PBXFileReference; explicitFileType = wrapper.application; includeInIndex = 0; path = TasksCoreData.app; sourceTree = BUILT_PRODUCTS_DIR; };
		4D8FEC5B2BAB2B70007B818A /* TasksCoreDataApp.swift */ = {isa = PBXFileReference; lastKnownFileType = sourcecode.swift; path = TasksCoreDataApp.swift; sourceTree = "<group>"; };
		4D8FEC5D2BAB2B70007B818A /* ContentView.swift */ = {isa = PBXFileReference; lastKnownFileType = sourcecode.swift; path = ContentView.swift; sourceTree = "<group>"; };
		4D8FEC5F2BAB2B71007B818A /* Assets.xcassets */ = {isa = PBXFileReference; lastKnownFileType = folder.assetcatalog; path = Assets.xcassets; sourceTree = "<group>"; };
		4D8FEC622BAB2B71007B818A /* Preview Assets.xcassets */ = {isa = PBXFileReference; lastKnownFileType = folder.assetcatalog; path = "Preview Assets.xcassets"; sourceTree = "<group>"; };
		4D8FEC6C2BAB2BB9007B818A /* Repository.swift */ = {isa = PBXFileReference; lastKnownFileType = sourcecode.swift; path = Repository.swift; sourceTree = "<group>"; };
		4D8FEC6E2BAB2BCB007B818A /* PersistentStore.swift */ = {isa = PBXFileReference; lastKnownFileType = sourcecode.swift; path = PersistentStore.swift; sourceTree = "<group>"; };
		4D8FEC712BAB2BE1007B818A /* TaskModel.xcdatamodel */ = {isa = PBXFileReference; lastKnownFileType = wrapper.xcdatamodel; path = TaskModel.xcdatamodel; sourceTree = "<group>"; };
		4D8FEC732BAB2BF0007B818A /* TaskListView.swift */ = {isa = PBXFileReference; lastKnownFileType = sourcecode.swift; path = TaskListView.swift; sourceTree = "<group>"; };
		4D8FEC752BAB2C01007B818A /* TaskListViewModel.swift */ = {isa = PBXFileReference; lastKnownFileType = sourcecode.swift; path = TaskListViewModel.swift; sourceTree = "<group>"; };
		4D8FEC7C2BAC2CA6007B818A /* PeopleListView.swift */ = {isa = PBXFileReference; lastKnownFileType = sourcecode.swift; path = PeopleListView.swift; sourceTree = "<group>"; };
		4D8FEC7E2BAC2E4E007B818A /* SampleData.swift */ = {isa = PBXFileReference; lastKnownFileType = sourcecode.swift; path = SampleData.swift; sourceTree = "<group>"; };
		4D8FEC802BAC3334007B818A /* PeopleListViewModel.swift */ = {isa = PBXFileReference; lastKnownFileType = sourcecode.swift; path = PeopleListViewModel.swift; sourceTree = "<group>"; };
/* End PBXFileReference section */

/* Begin PBXFrameworksBuildPhase section */
		4D8FEC552BAB2B70007B818A /* Frameworks */ = {
			isa = PBXFrameworksBuildPhase;
			buildActionMask = 2147483647;
			files = (
			);
			runOnlyForDeploymentPostprocessing = 0;
		};
/* End PBXFrameworksBuildPhase section */

/* Begin PBXGroup section */
		4D8FEC4F2BAB2B70007B818A = {
			isa = PBXGroup;
			children = (
				4D8FEC5A2BAB2B70007B818A /* TasksCoreData */,
				4D8FEC592BAB2B70007B818A /* Products */,
			);
			sourceTree = "<group>";
		};
		4D8FEC592BAB2B70007B818A /* Products */ = {
			isa = PBXGroup;
			children = (
				4D8FEC582BAB2B70007B818A /* TasksCoreData.app */,
			);
			name = Products;
			sourceTree = "<group>";
		};
		4D8FEC5A2BAB2B70007B818A /* TasksCoreData */ = {
			isa = PBXGroup;
			children = (
				4D8FEC6B2BAB2B94007B818A /* Infrastructure */,
				4D8FEC6A2BAB2B85007B818A /* Model */,
				4D8FEC692BAB2B7E007B818A /* Screens */,
				4D8FEC5B2BAB2B70007B818A /* TasksCoreDataApp.swift */,
				4D8FEC5D2BAB2B70007B818A /* ContentView.swift */,
				4D8FEC5F2BAB2B71007B818A /* Assets.xcassets */,
				4D8FEC612BAB2B71007B818A /* Preview Content */,
			);
			path = TasksCoreData;
			sourceTree = "<group>";
		};
		4D8FEC612BAB2B71007B818A /* Preview Content */ = {
			isa = PBXGroup;
			children = (
				4D8FEC622BAB2B71007B818A /* Preview Assets.xcassets */,
			);
			path = "Preview Content";
			sourceTree = "<group>";
		};
		4D8FEC692BAB2B7E007B818A /* Screens */ = {
			isa = PBXGroup;
			children = (
				4D8FEC7B2BAC2C93007B818A /* People */,
				4D8FEC772BAB2C05007B818A /* TaskList */,
			);
			path = Screens;
			sourceTree = "<group>";
		};
		4D8FEC6A2BAB2B85007B818A /* Model */ = {
			isa = PBXGroup;
			children = (
				4D8FEC702BAB2BE1007B818A /* TaskModel.xcdatamodeld */,
				4D8FEC7E2BAC2E4E007B818A /* SampleData.swift */,
			);
			path = Model;
			sourceTree = "<group>";
		};
		4D8FEC6B2BAB2B94007B818A /* Infrastructure */ = {
			isa = PBXGroup;
			children = (
				4D8FEC6C2BAB2BB9007B818A /* Repository.swift */,
				4D8FEC6E2BAB2BCB007B818A /* PersistentStore.swift */,
			);
			path = Infrastructure;
			sourceTree = "<group>";
		};
		4D8FEC772BAB2C05007B818A /* TaskList */ = {
			isa = PBXGroup;
			children = (
				4D8FEC732BAB2BF0007B818A /* TaskListView.swift */,
				4D8FEC752BAB2C01007B818A /* TaskListViewModel.swift */,
			);
			path = TaskList;
			sourceTree = "<group>";
		};
		4D8FEC7B2BAC2C93007B818A /* People */ = {
			isa = PBXGroup;
			children = (
				4D8FEC7C2BAC2CA6007B818A /* PeopleListView.swift */,
				4D8FEC802BAC3334007B818A /* PeopleListViewModel.swift */,
			);
			path = People;
			sourceTree = "<group>";
		};
/* End PBXGroup section */

/* Begin PBXNativeTarget section */
		4D8FEC572BAB2B70007B818A /* TasksCoreData */ = {
			isa = PBXNativeTarget;
			buildConfigurationList = 4D8FEC662BAB2B71007B818A /* Build configuration list for PBXNativeTarget "TasksCoreData" */;
			buildPhases = (
				4D8FEC542BAB2B70007B818A /* Sources */,
				4D8FEC552BAB2B70007B818A /* Frameworks */,
				4D8FEC562BAB2B70007B818A /* Resources */,
			);
			buildRules = (
			);
			dependencies = (
			);
			name = TasksCoreData;
			productName = TasksCoreData;
			productReference = 4D8FEC582BAB2B70007B818A /* TasksCoreData.app */;
			productType = "com.apple.product-type.application";
		};
/* End PBXNativeTarget section */

/* Begin PBXProject section */
		4D8FEC502BAB2B70007B818A /* Project object */ = {
			isa = PBXProject;
			attributes = {
				BuildIndependentTargetsInParallel = 1;
				LastSwiftUpdateCheck = 1530;
				LastUpgradeCheck = 1530;
				TargetAttributes = {
					4D8FEC572BAB2B70007B818A = {
						CreatedOnToolsVersion = 15.3;
					};
				};
			};
			buildConfigurationList = 4D8FEC532BAB2B70007B818A /* Build configuration list for PBXProject "TasksCoreData" */;
			compatibilityVersion = "Xcode 14.0";
			developmentRegion = en;
			hasScannedForEncodings = 0;
			knownRegions = (
				en,
				Base,
			);
			mainGroup = 4D8FEC4F2BAB2B70007B818A;
			productRefGroup = 4D8FEC592BAB2B70007B818A /* Products */;
			projectDirPath = "";
			projectRoot = "";
			targets = (
				4D8FEC572BAB2B70007B818A /* TasksCoreData */,
			);
		};
/* End PBXProject section */

/* Begin PBXResourcesBuildPhase section */
		4D8FEC562BAB2B70007B818A /* Resources */ = {
			isa = PBXResourcesBuildPhase;
			buildActionMask = 2147483647;
			files = (
				4D8FEC632BAB2B71007B818A /* Preview Assets.xcassets in Resources */,
				4D8FEC602BAB2B71007B818A /* Assets.xcassets in Resources */,
			);
			runOnlyForDeploymentPostprocessing = 0;
		};
/* End PBXResourcesBuildPhase section */

/* Begin PBXSourcesBuildPhase section */
		4D8FEC542BAB2B70007B818A /* Sources */ = {
			isa = PBXSourcesBuildPhase;
			buildActionMask = 2147483647;
			files = (
				4D8FEC762BAB2C01007B818A /* TaskListViewModel.swift in Sources */,
				4D8FEC722BAB2BE1007B818A /* TaskModel.xcdatamodeld in Sources */,
				4D8FEC5E2BAB2B70007B818A /* ContentView.swift in Sources */,
				4D8FEC7D2BAC2CA6007B818A /* PeopleListView.swift in Sources */,
				4D8FEC5C2BAB2B70007B818A /* TasksCoreDataApp.swift in Sources */,
				4D8FEC6F2BAB2BCB007B818A /* PersistentStore.swift in Sources */,
				4D8FEC6D2BAB2BB9007B818A /* Repository.swift in Sources */,
				4D8FEC812BAC3334007B818A /* PeopleListViewModel.swift in Sources */,
				4D8FEC7F2BAC2E4E007B818A /* SampleData.swift in Sources */,
				4D8FEC742BAB2BF0007B818A /* TaskListView.swift in Sources */,
			);
			runOnlyForDeploymentPostprocessing = 0;
		};
/* End PBXSourcesBuildPhase section */

/* Begin XCBuildConfiguration section */
		4D8FEC642BAB2B71007B818A /* Debug */ = {
			isa = XCBuildConfiguration;
			buildSettings = {
				ALWAYS_SEARCH_USER_PATHS = NO;
				ASSETCATALOG_COMPILER_GENERATE_SWIFT_ASSET_SYMBOL_EXTENSIONS = YES;
				CLANG_ANALYZER_NONNULL = YES;
				CLANG_ANALYZER_NUMBER_OBJECT_CONVERSION = YES_AGGRESSIVE;
				CLANG_CXX_LANGUAGE_STANDARD = "gnu++20";
				CLANG_ENABLE_MODULES = YES;
				CLANG_ENABLE_OBJC_ARC = YES;
				CLANG_ENABLE_OBJC_WEAK = YES;
				CLANG_WARN_BLOCK_CAPTURE_AUTORELEASING = YES;
				CLANG_WARN_BOOL_CONVERSION = YES;
				CLANG_WARN_COMMA = YES;
				CLANG_WARN_CONSTANT_CONVERSION = YES;
				CLANG_WARN_DEPRECATED_OBJC_IMPLEMENTATIONS = YES;
				CLANG_WARN_DIRECT_OBJC_ISA_USAGE = YES_ERROR;
				CLANG_WARN_DOCUMENTATION_COMMENTS = YES;
				CLANG_WARN_EMPTY_BODY = YES;
				CLANG_WARN_ENUM_CONVERSION = YES;
				CLANG_WARN_INFINITE_RECURSION = YES;
				CLANG_WARN_INT_CONVERSION = YES;
				CLANG_WARN_NON_LITERAL_NULL_CONVERSION = YES;
				CLANG_WARN_OBJC_IMPLICIT_RETAIN_SELF = YES;
				CLANG_WARN_OBJC_LITERAL_CONVERSION = YES;
				CLANG_WARN_OBJC_ROOT_CLASS = YES_ERROR;
				CLANG_WARN_QUOTED_INCLUDE_IN_FRAMEWORK_HEADER = YES;
				CLANG_WARN_RANGE_LOOP_ANALYSIS = YES;
				CLANG_WARN_STRICT_PROTOTYPES = YES;
				CLANG_WARN_SUSPICIOUS_MOVE = YES;
				CLANG_WARN_UNGUARDED_AVAILABILITY = YES_AGGRESSIVE;
				CLANG_WARN_UNREACHABLE_CODE = YES;
				CLANG_WARN__DUPLICATE_METHOD_MATCH = YES;
				COPY_PHASE_STRIP = NO;
				DEBUG_INFORMATION_FORMAT = dwarf;
				ENABLE_STRICT_OBJC_MSGSEND = YES;
				ENABLE_TESTABILITY = YES;
				ENABLE_USER_SCRIPT_SANDBOXING = YES;
				GCC_C_LANGUAGE_STANDARD = gnu17;
				GCC_DYNAMIC_NO_PIC = NO;
				GCC_NO_COMMON_BLOCKS = YES;
				GCC_OPTIMIZATION_LEVEL = 0;
				GCC_PREPROCESSOR_DEFINITIONS = (
					"DEBUG=1",
					"$(inherited)",
				);
				GCC_WARN_64_TO_32_BIT_CONVERSION = YES;
				GCC_WARN_ABOUT_RETURN_TYPE = YES_ERROR;
				GCC_WARN_UNDECLARED_SELECTOR = YES;
				GCC_WARN_UNINITIALIZED_AUTOS = YES_AGGRESSIVE;
				GCC_WARN_UNUSED_FUNCTION = YES;
				GCC_WARN_UNUSED_VARIABLE = YES;
				IPHONEOS_DEPLOYMENT_TARGET = 17.4;
				LOCALIZATION_PREFERS_STRING_CATALOGS = YES;
				MTL_ENABLE_DEBUG_INFO = INCLUDE_SOURCE;
				MTL_FAST_MATH = YES;
				ONLY_ACTIVE_ARCH = YES;
				SDKROOT = iphoneos;
				SWIFT_ACTIVE_COMPILATION_CONDITIONS = "DEBUG $(inherited)";
				SWIFT_OPTIMIZATION_LEVEL = "-Onone";
			};
			name = Debug;
		};
		4D8FEC652BAB2B71007B818A /* Release */ = {
			isa = XCBuildConfiguration;
			buildSettings = {
				ALWAYS_SEARCH_USER_PATHS = NO;
				ASSETCATALOG_COMPILER_GENERATE_SWIFT_ASSET_SYMBOL_EXTENSIONS = YES;
				CLANG_ANALYZER_NONNULL = YES;
				CLANG_ANALYZER_NUMBER_OBJECT_CONVERSION = YES_AGGRESSIVE;
				CLANG_CXX_LANGUAGE_STANDARD = "gnu++20";
				CLANG_ENABLE_MODULES = YES;
				CLANG_ENABLE_OBJC_ARC = YES;
				CLANG_ENABLE_OBJC_WEAK = YES;
				CLANG_WARN_BLOCK_CAPTURE_AUTORELEASING = YES;
				CLANG_WARN_BOOL_CONVERSION = YES;
				CLANG_WARN_COMMA = YES;
				CLANG_WARN_CONSTANT_CONVERSION = YES;
				CLANG_WARN_DEPRECATED_OBJC_IMPLEMENTATIONS = YES;
				CLANG_WARN_DIRECT_OBJC_ISA_USAGE = YES_ERROR;
				CLANG_WARN_DOCUMENTATION_COMMENTS = YES;
				CLANG_WARN_EMPTY_BODY = YES;
				CLANG_WARN_ENUM_CONVERSION = YES;
				CLANG_WARN_INFINITE_RECURSION = YES;
				CLANG_WARN_INT_CONVERSION = YES;
				CLANG_WARN_NON_LITERAL_NULL_CONVERSION = YES;
				CLANG_WARN_OBJC_IMPLICIT_RETAIN_SELF = YES;
				CLANG_WARN_OBJC_LITERAL_CONVERSION = YES;
				CLANG_WARN_OBJC_ROOT_CLASS = YES_ERROR;
				CLANG_WARN_QUOTED_INCLUDE_IN_FRAMEWORK_HEADER = YES;
				CLANG_WARN_RANGE_LOOP_ANALYSIS = YES;
				CLANG_WARN_STRICT_PROTOTYPES = YES;
				CLANG_WARN_SUSPICIOUS_MOVE = YES;
				CLANG_WARN_UNGUARDED_AVAILABILITY = YES_AGGRESSIVE;
				CLANG_WARN_UNREACHABLE_CODE = YES;
				CLANG_WARN__DUPLICATE_METHOD_MATCH = YES;
				COPY_PHASE_STRIP = NO;
				DEBUG_INFORMATION_FORMAT = "dwarf-with-dsym";
				ENABLE_NS_ASSERTIONS = NO;
				ENABLE_STRICT_OBJC_MSGSEND = YES;
				ENABLE_USER_SCRIPT_SANDBOXING = YES;
				GCC_C_LANGUAGE_STANDARD = gnu17;
				GCC_NO_COMMON_BLOCKS = YES;
				GCC_WARN_64_TO_32_BIT_CONVERSION = YES;
				GCC_WARN_ABOUT_RETURN_TYPE = YES_ERROR;
				GCC_WARN_UNDECLARED_SELECTOR = YES;
				GCC_WARN_UNINITIALIZED_AUTOS = YES_AGGRESSIVE;
				GCC_WARN_UNUSED_FUNCTION = YES;
				GCC_WARN_UNUSED_VARIABLE = YES;
				IPHONEOS_DEPLOYMENT_TARGET = 17.4;
				LOCALIZATION_PREFERS_STRING_CATALOGS = YES;
				MTL_ENABLE_DEBUG_INFO = NO;
				MTL_FAST_MATH = YES;
				SDKROOT = iphoneos;
				SWIFT_COMPILATION_MODE = wholemodule;
				VALIDATE_PRODUCT = YES;
			};
			name = Release;
		};
		4D8FEC672BAB2B71007B818A /* Debug */ = {
			isa = XCBuildConfiguration;
			buildSettings = {
				ASSETCATALOG_COMPILER_APPICON_NAME = AppIcon;
				ASSETCATALOG_COMPILER_GLOBAL_ACCENT_COLOR_NAME = AccentColor;
				CODE_SIGN_STYLE = Automatic;
				CURRENT_PROJECT_VERSION = 1;
				DEVELOPMENT_ASSET_PATHS = "\"TasksCoreData/Preview Content\"";
				ENABLE_PREVIEWS = YES;
				GENERATE_INFOPLIST_FILE = YES;
				INFOPLIST_KEY_UIApplicationSceneManifest_Generation = YES;
				INFOPLIST_KEY_UIApplicationSupportsIndirectInputEvents = YES;
				INFOPLIST_KEY_UILaunchScreen_Generation = YES;
				INFOPLIST_KEY_UISupportedInterfaceOrientations_iPad = "UIInterfaceOrientationPortrait UIInterfaceOrientationPortraitUpsideDown UIInterfaceOrientationLandscapeLeft UIInterfaceOrientationLandscapeRight";
				INFOPLIST_KEY_UISupportedInterfaceOrientations_iPhone = "UIInterfaceOrientationPortrait UIInterfaceOrientationLandscapeLeft UIInterfaceOrientationLandscapeRight";
				LD_RUNPATH_SEARCH_PATHS = (
					"$(inherited)",
					"@executable_path/Frameworks",
				);
				MARKETING_VERSION = 1.0;
				PRODUCT_BUNDLE_IDENTIFIER = "de.syntax-institut.TasksCoreData";
				PRODUCT_NAME = "$(TARGET_NAME)";
				SWIFT_EMIT_LOC_STRINGS = YES;
				SWIFT_VERSION = 5.0;
				TARGETED_DEVICE_FAMILY = "1,2";
			};
			name = Debug;
		};
		4D8FEC682BAB2B71007B818A /* Release */ = {
			isa = XCBuildConfiguration;
			buildSettings = {
				ASSETCATALOG_COMPILER_APPICON_NAME = AppIcon;
				ASSETCATALOG_COMPILER_GLOBAL_ACCENT_COLOR_NAME = AccentColor;
				CODE_SIGN_STYLE = Automatic;
				CURRENT_PROJECT_VERSION = 1;
				DEVELOPMENT_ASSET_PATHS = "\"TasksCoreData/Preview Content\"";
				ENABLE_PREVIEWS = YES;
				GENERATE_INFOPLIST_FILE = YES;
				INFOPLIST_KEY_UIApplicationSceneManifest_Generation = YES;
				INFOPLIST_KEY_UIApplicationSupportsIndirectInputEvents = YES;
				INFOPLIST_KEY_UILaunchScreen_Generation = YES;
				INFOPLIST_KEY_UISupportedInterfaceOrientations_iPad = "UIInterfaceOrientationPortrait UIInterfaceOrientationPortraitUpsideDown UIInterfaceOrientationLandscapeLeft UIInterfaceOrientationLandscapeRight";
				INFOPLIST_KEY_UISupportedInterfaceOrientations_iPhone = "UIInterfaceOrientationPortrait UIInterfaceOrientationLandscapeLeft UIInterfaceOrientationLandscapeRight";
				LD_RUNPATH_SEARCH_PATHS = (
					"$(inherited)",
					"@executable_path/Frameworks",
				);
				MARKETING_VERSION = 1.0;
				PRODUCT_BUNDLE_IDENTIFIER = "de.syntax-institut.TasksCoreData";
				PRODUCT_NAME = "$(TARGET_NAME)";
				SWIFT_EMIT_LOC_STRINGS = YES;
				SWIFT_VERSION = 5.0;
				TARGETED_DEVICE_FAMILY = "1,2";
			};
			name = Release;
		};
/* End XCBuildConfiguration section */

/* Begin XCConfigurationList section */
		4D8FEC532BAB2B70007B818A /* Build configuration list for PBXProject "TasksCoreData" */ = {
			isa = XCConfigurationList;
			buildConfigurations = (
				4D8FEC642BAB2B71007B818A /* Debug */,
				4D8FEC652BAB2B71007B818A /* Release */,
			);
			defaultConfigurationIsVisible = 0;
			defaultConfigurationName = Release;
		};
		4D8FEC662BAB2B71007B818A /* Build configuration list for PBXNativeTarget "TasksCoreData" */ = {
			isa = XCConfigurationList;
			buildConfigurations = (
				4D8FEC672BAB2B71007B818A /* Debug */,
				4D8FEC682BAB2B71007B818A /* Release */,
			);
			defaultConfigurationIsVisible = 0;
			defaultConfigurationName = Release;
		};
/* End XCConfigurationList section */

/* Begin XCVersionGroup section */
		4D8FEC702BAB2BE1007B818A /* TaskModel.xcdatamodeld */ = {
			isa = XCVersionGroup;
			children = (
				4D8FEC712BAB2BE1007B818A /* TaskModel.xcdatamodel */,
			);
			currentVersion = 4D8FEC712BAB2BE1007B818A /* TaskModel.xcdatamodel */;
			name = TaskModel.xcdatamodeld;
			path = /Users/jrueck/Batch11/iOS/Woche6/TasksCoreData/TasksCoreData/Model/TaskModel.xcdatamodeld;
			sourceTree = "<group>";
			versionGroupType = wrapper.xcdatamodel;
		};
/* End XCVersionGroup section */
	};
	rootObject = 4D8FEC502BAB2B70007B818A /* Project object */;
}
